
Microsoft Visual Studio Solution File, Format Version 12.00
# Visual Studio Version 17
VisualStudioVersion = 17.11.35208.52
MinimumVisualStudioVersion = 10.0.40219.1
Project("{FAE04EC0-301F-11D3-BF4B-00C04F79EFBC}") = "IS23_Ponomarev", "ПЗ5\IS23_Ponomarev.csproj", "{19C20CF4-D5AF-4926-95D9-2F84B2B37998}"
EndProject
Global
	GlobalSection(SolutionConfigurationPlatforms) = preSolution
		Debug|Any CPU = Debug|Any CPU
		Release|Any CPU = Release|Any CPU
	EndGlobalSection
	GlobalSection(ProjectConfigurationPlatforms) = postSolution
		{19C20CF4-D5AF-4926-95D9-2F84B2B37998}.Debug|Any CPU.ActiveCfg = Debug|Any CPU
		{19C20CF4-D5AF-4926-95D9-2F84B2B37998}.Debug|Any CPU.Build.0 = Debug|Any CPU
		{19C20CF4-D5AF-4926-95D9-2F84B2B37998}.Release|Any CPU.ActiveCfg = Release|Any CPU
		{19C20CF4-D5AF-4926-95D9-2F84B2B37998}.Release|Any CPU.Build.0 = Release|Any CPU
	EndGlobalSection
	GlobalSection(SolutionProperties) = preSolution
		HideSolutionNode = FALSE
	EndGlobalSection
	GlobalSection(ExtensibilityGlobals) = postSolution
		SolutionGuid = {13C5C303-B278-4B5A-84FC-B39488AAA03F}
	EndGlobalSection
EndGlobal
