
Microsoft Visual Studio Solution File, Format Version 12.00
# Visual Studio Version 17
VisualStudioVersion = 17.11.35327.3
MinimumVisualStudioVersion = 10.0.40219.1
Project("{FAE04EC0-301F-11D3-BF4B-00C04F79EFBC}") = "ПЗ_14_Пономарев_ИС-23К", "ПЗ_14_Пономарев_ИС-23К\ПЗ_14_Пономарев_ИС-23К.csproj", "{D007FA16-071E-43F3-B786-08EEC9A8B8B7}"
EndProject
Global
	GlobalSection(SolutionConfigurationPlatforms) = preSolution
		Debug|Any CPU = Debug|Any CPU
		Release|Any CPU = Release|Any CPU
	EndGlobalSection
	GlobalSection(ProjectConfigurationPlatforms) = postSolution
		{D007FA16-071E-43F3-B786-08EEC9A8B8B7}.Debug|Any CPU.ActiveCfg = Debug|Any CPU
		{D007FA16-071E-43F3-B786-08EEC9A8B8B7}.Debug|Any CPU.Build.0 = Debug|Any CPU
		{D007FA16-071E-43F3-B786-08EEC9A8B8B7}.Release|Any CPU.ActiveCfg = Release|Any CPU
		{D007FA16-071E-43F3-B786-08EEC9A8B8B7}.Release|Any CPU.Build.0 = Release|Any CPU
	EndGlobalSection
	GlobalSection(SolutionProperties) = preSolution
		HideSolutionNode = FALSE
	EndGlobalSection
	GlobalSection(ExtensibilityGlobals) = postSolution
		SolutionGuid = {C1C726DD-0B53-4B8C-ABCC-C3F4245C882A}
	EndGlobalSection
EndGlobal
