
Microsoft Visual Studio Solution File, Format Version 12.00
# Visual Studio Version 17
VisualStudioVersion = 17.11.35327.3
MinimumVisualStudioVersion = 10.0.40219.1
Project("{FAE04EC0-301F-11D3-BF4B-00C04F79EFBC}") = "1", "ПЗ-21\1.csproj", "{F18CC13E-97FD-4701-8558-545498D48B44}"
EndProject
Project("{FAE04EC0-301F-11D3-BF4B-00C04F79EFBC}") = "2", "2\2.csproj", "{340F9F91-A8A4-46F8-ADA4-2CAEACFEC164}"
EndProject
Global
	GlobalSection(SolutionConfigurationPlatforms) = preSolution
		Debug|Any CPU = Debug|Any CPU
		Release|Any CPU = Release|Any CPU
	EndGlobalSection
	GlobalSection(ProjectConfigurationPlatforms) = postSolution
		{F18CC13E-97FD-4701-8558-545498D48B44}.Debug|Any CPU.ActiveCfg = Debug|Any CPU
		{F18CC13E-97FD-4701-8558-545498D48B44}.Debug|Any CPU.Build.0 = Debug|Any CPU
		{F18CC13E-97FD-4701-8558-545498D48B44}.Release|Any CPU.ActiveCfg = Release|Any CPU
		{F18CC13E-97FD-4701-8558-545498D48B44}.Release|Any CPU.Build.0 = Release|Any CPU
		{340F9F91-A8A4-46F8-ADA4-2CAEACFEC164}.Debug|Any CPU.ActiveCfg = Debug|Any CPU
		{340F9F91-A8A4-46F8-ADA4-2CAEACFEC164}.Debug|Any CPU.Build.0 = Debug|Any CPU
		{340F9F91-A8A4-46F8-ADA4-2CAEACFEC164}.Release|Any CPU.ActiveCfg = Release|Any CPU
		{340F9F91-A8A4-46F8-ADA4-2CAEACFEC164}.Release|Any CPU.Build.0 = Release|Any CPU
	EndGlobalSection
	GlobalSection(SolutionProperties) = preSolution
		HideSolutionNode = FALSE
	EndGlobalSection
	GlobalSection(ExtensibilityGlobals) = postSolution
		SolutionGuid = {1D76D065-51B7-4F77-9F91-368E13BFB02C}
	EndGlobalSection
EndGlobal
