
Microsoft Visual Studio Solution File, Format Version 12.00
# Visual Studio Version 17
VisualStudioVersion = 17.11.35208.52
MinimumVisualStudioVersion = 10.0.40219.1
Project("{FAE04EC0-301F-11D3-BF4B-00C04F79EFBC}") = "Types Convertion", "Болдырева Пономарев\Types Convertion.csproj", "{31803353-EA06-4A91-910A-B3555B70CA9A}"
EndProject
Global
	GlobalSection(SolutionConfigurationPlatforms) = preSolution
		Debug|Any CPU = Debug|Any CPU
		Release|Any CPU = Release|Any CPU
	EndGlobalSection
	GlobalSection(ProjectConfigurationPlatforms) = postSolution
		{31803353-EA06-4A91-910A-B3555B70CA9A}.Debug|Any CPU.ActiveCfg = Debug|Any CPU
		{31803353-EA06-4A91-910A-B3555B70CA9A}.Debug|Any CPU.Build.0 = Debug|Any CPU
		{31803353-EA06-4A91-910A-B3555B70CA9A}.Release|Any CPU.ActiveCfg = Release|Any CPU
		{31803353-EA06-4A91-910A-B3555B70CA9A}.Release|Any CPU.Build.0 = Release|Any CPU
	EndGlobalSection
	GlobalSection(SolutionProperties) = preSolution
		HideSolutionNode = FALSE
	EndGlobalSection
	GlobalSection(ExtensibilityGlobals) = postSolution
		SolutionGuid = {5463F932-B7AA-4461-A670-0E8EE19810D0}
	EndGlobalSection
EndGlobal
